PODS:
  - BWListKit (0.0.6)
  - BWUIKit (0.0.1):
    - BWListKit
    - SnapKit
    - YYText
  - SnapKit (4.2.0)
  - YYText (1.0.7)

DEPENDENCIES:
  - BWUIKit (from `../`)

SPEC REPOS:
  https://github.com/CocoaPods/Specs.git:
    - BWListKit
    - SnapKit
    - YYText

EXTERNAL SOURCES:
  BWUIKit:
    :path: "../"

SPEC CHECKSUMS:
  BWListKit: 8d1d76051ff68eb84bf2c2f85331b4e628f19b61
  BWUIKit: 2c8e95a498af3f2822cc6a789921fdee2ace13dc
  SnapKit: fe8a619752f3f27075cc9a90244d75c6c3f27e2a
  YYText: 5c461d709e24d55a182d1441c41dc639a18a4849

PODFILE CHECKSUM: 8638b0328e92542fdbbfd1a8b7490e600a84c420

COCOAPODS: 1.10.1
